// !$*UTF8*$!
{
	archiveVersion = 1;
	classes = {
	};
	objectVersion = 46;
	objects = {

/* Begin PBXBuildFile section */
		AB10FAEE1970345B00200D6B /* FilterSettingsTableViewController.m in Sources */ = {isa = PBXBuildFile; fileRef = AB10FAED1970345B00200D6B /* FilterSettingsTableViewController.m */; };
		AB10FAF119704EE400200D6B /* RentTableViewCell.m in Sources */ = {isa = PBXBuildFile; fileRef = AB10FAF019704EE400200D6B /* RentTableViewCell.m */; };
		AB10FAF419704EED00200D6B /* ToggleTableViewCell.m in Sources */ = {isa = PBXBuildFile; fileRef = AB10FAF319704EED00200D6B /* ToggleTableViewCell.m */; };
		AB129EA4196D83E80007249C /* ListingFilter.m in Sources */ = {isa = PBXBuildFile; fileRef = AB129EA3196D83E80007249C /* ListingFilter.m */; };
		AB129EA7196D8E250007249C /* ListingDetailViewController.m in Sources */ = {isa = PBXBuildFile; fileRef = AB129EA6196D8E250007249C /* ListingDetailViewController.m */; };
		AB3109DA1986998700F10A95 /* Main.storyboard in Resources */ = {isa = PBXBuildFile; fileRef = ABE172251947884100B4953B /* Main.storyboard */; };
		AB329B4D19940E0A002567C1 /* MarqueeLabel.m in Sources */ = {isa = PBXBuildFile; fileRef = AB329B4C19940E0A002567C1 /* MarqueeLabel.m */; };
		AB4174731975992A0086F1A6 /* SliderTableViewCell.m in Sources */ = {isa = PBXBuildFile; fileRef = AB4174721975992A0086F1A6 /* SliderTableViewCell.m */; };
		AB44FA4819994380005BC223 /* WebViewController.m in Sources */ = {isa = PBXBuildFile; fileRef = AB44FA4719994380005BC223 /* WebViewController.m */; };
		AB44FA4B1999449D005BC223 /* TenantInfoTableViewController.m in Sources */ = {isa = PBXBuildFile; fileRef = AB44FA4A1999449D005BC223 /* TenantInfoTableViewController.m */; };
		AB44FA58199968E3005BC223 /* background.jpg in Resources */ = {isa = PBXBuildFile; fileRef = AB44FA54199968E3005BC223 /* background.jpg */; };
		AB44FA59199968E3005BC223 /* scrollA.jpg in Resources */ = {isa = PBXBuildFile; fileRef = AB44FA55199968E3005BC223 /* scrollA.jpg */; };
		AB44FA5A199968E3005BC223 /* scrollB.jpg in Resources */ = {isa = PBXBuildFile; fileRef = AB44FA56199968E3005BC223 /* scrollB.jpg */; };
		AB44FA5B199968E3005BC223 /* scrollC.jpg in Resources */ = {isa = PBXBuildFile; fileRef = AB44FA57199968E3005BC223 /* scrollC.jpg */; };
		AB44FA5E199A5412005BC223 /* RotatingPreviewController.m in Sources */ = {isa = PBXBuildFile; fileRef = AB44FA5D199A5412005BC223 /* RotatingPreviewController.m */; };
		AB44FA61199A8515005BC223 /* ListingPreview.m in Sources */ = {isa = PBXBuildFile; fileRef = AB44FA60199A8515005BC223 /* ListingPreview.m */; };
		AB44FA66199A9649005BC223 /* defaultWide.png in Resources */ = {isa = PBXBuildFile; fileRef = AB44FA64199A9649005BC223 /* defaultWide.png */; };
		AB44FA67199A9649005BC223 /* default.png in Resources */ = {isa = PBXBuildFile; fileRef = AB44FA65199A9649005BC223 /* default.png */; };
		AB68B2C4198A6FE700CE549F /* PreferencesTableViewController.m in Sources */ = {isa = PBXBuildFile; fileRef = AB68B2C3198A6FE700CE549F /* PreferencesTableViewController.m */; };
		AB68B2C7198A766100CE549F /* ButtonTableViewCell.m in Sources */ = {isa = PBXBuildFile; fileRef = AB68B2C6198A766100CE549F /* ButtonTableViewCell.m */; };
		AB7B8BD2196C63FA00EFFA8A /* ListingTableViewCell.m in Sources */ = {isa = PBXBuildFile; fileRef = AB7B8BD1196C63FA00EFFA8A /* ListingTableViewCell.m */; };
		AB7B8BD5196C778F00EFFA8A /* ListingPull.m in Sources */ = {isa = PBXBuildFile; fileRef = AB7B8BD4196C778F00EFFA8A /* ListingPull.m */; };
		AB7B8BE2196C871000EFFA8A /* ListingTableNavigationController.m in Sources */ = {isa = PBXBuildFile; fileRef = AB7B8BE1196C871000EFFA8A /* ListingTableNavigationController.m */; };
		AB7B8BE5196C87A400EFFA8A /* ListingTableViewController.m in Sources */ = {isa = PBXBuildFile; fileRef = AB7B8BE4196C87A400EFFA8A /* ListingTableViewController.m */; };
		AB8F4BC619A396DE0032E84F /* PUSHListener.m in Sources */ = {isa = PBXBuildFile; fileRef = AB8F4BC319A396DE0032E84F /* PUSHListener.m */; };
		AB8F4BC719A396DE0032E84F /* RESTfulInterface.m in Sources */ = {isa = PBXBuildFile; fileRef = AB8F4BC519A396DE0032E84F /* RESTfulInterface.m */; };
		AB8F4BCD19A3F02A0032E84F /* Instabug.bundle in Resources */ = {isa = PBXBuildFile; fileRef = AB8F4BCB19A3F02A0032E84F /* Instabug.bundle */; };
		AB8F4BCE19A3F02A0032E84F /* Instabug.framework in Frameworks */ = {isa = PBXBuildFile; fileRef = AB8F4BCC19A3F02A0032E84F /* Instabug.framework */; };
		AB8F4BD019A3F1470032E84F /* CoreMotion.framework in Frameworks */ = {isa = PBXBuildFile; fileRef = AB8F4BCF19A3F1470032E84F /* CoreMotion.framework */; };
		AB8F4BD219A3F1500032E84F /* MobileCoreServices.framework in Frameworks */ = {isa = PBXBuildFile; fileRef = AB8F4BD119A3F1500032E84F /* MobileCoreServices.framework */; };
		AB8F4BD419A3F1560032E84F /* CoreLocation.framework in Frameworks */ = {isa = PBXBuildFile; fileRef = AB8F4BD319A3F1560032E84F /* CoreLocation.framework */; };
		AB8F4BD619A3F15E0032E84F /* AVFoundation.framework in Frameworks */ = {isa = PBXBuildFile; fileRef = AB8F4BD519A3F15E0032E84F /* AVFoundation.framework */; };
		AB8F4BD819A3F1640032E84F /* AudioToolbox.framework in Frameworks */ = {isa = PBXBuildFile; fileRef = AB8F4BD719A3F1640032E84F /* AudioToolbox.framework */; };
		AB8F4BDA19A3F1780032E84F /* QuartzCore.framework in Frameworks */ = {isa = PBXBuildFile; fileRef = AB8F4BD919A3F1780032E84F /* QuartzCore.framework */; };
		AB8F4BDC19A3F17F0032E84F /* SystemConfiguration.framework in Frameworks */ = {isa = PBXBuildFile; fileRef = AB8F4BDB19A3F17F0032E84F /* SystemConfiguration.framework */; };
		AB8F4BE019A3F1900032E84F /* MessageUI.framework in Frameworks */ = {isa = PBXBuildFile; fileRef = AB8F4BDF19A3F1900032E84F /* MessageUI.framework */; };
		AB8F4BE219A3F1970032E84F /* OpenGLES.framework in Frameworks */ = {isa = PBXBuildFile; fileRef = AB8F4BE119A3F1970032E84F /* OpenGLES.framework */; };
		AB8F4BE419A3F19D0032E84F /* GLKit.framework in Frameworks */ = {isa = PBXBuildFile; fileRef = AB8F4BE319A3F19D0032E84F /* GLKit.framework */; };
		AB8F4BE619A3F1A20032E84F /* UIKit.framework in Frameworks */ = {isa = PBXBuildFile; fileRef = AB8F4BE519A3F1A20032E84F /* UIKit.framework */; };
		AB8F4BE819A3F1A90032E84F /* CoreGraphics.framework in Frameworks */ = {isa = PBXBuildFile; fileRef = AB8F4BE719A3F1A90032E84F /* CoreGraphics.framework */; };
		AB8F4BEA19A3F1AF0032E84F /* CoreFoundation.framework in Frameworks */ = {isa = PBXBuildFile; fileRef = AB8F4BE919A3F1AF0032E84F /* CoreFoundation.framework */; };
		AB8F4BEC19A3F1B40032E84F /* Foundation.framework in Frameworks */ = {isa = PBXBuildFile; fileRef = AB8F4BEB19A3F1B40032E84F /* Foundation.framework */; };
		AB8F4BEF19A3F5330032E84F /* CoreTelephony.framework in Frameworks */ = {isa = PBXBuildFile; fileRef = AB8F4BEE19A3F5330032E84F /* CoreTelephony.framework */; };
		ABB694A0199FE884005385E6 /* Property.m in Sources */ = {isa = PBXBuildFile; fileRef = ABB6949F199FE884005385E6 /* Property.m */; };
		ABDA779B197EEF9600CA0548 /* ListingFeatureCollectionViewCell.m in Sources */ = {isa = PBXBuildFile; fileRef = ABDA779A197EEF9600CA0548 /* ListingFeatureCollectionViewCell.m */; };
		ABE1721E1947884100B4953B /* main.m in Sources */ = {isa = PBXBuildFile; fileRef = ABE1721D1947884100B4953B /* main.m */; };
		ABE172211947884100B4953B /* AppDelegate.m in Sources */ = {isa = PBXBuildFile; fileRef = ABE172201947884100B4953B /* AppDelegate.m */; };
		ABE172241947884100B4953B /* ViewController.m in Sources */ = {isa = PBXBuildFile; fileRef = ABE172231947884100B4953B /* ViewController.m */; };
		ABE172291947884100B4953B /* Images.xcassets in Resources */ = {isa = PBXBuildFile; fileRef = ABE172281947884100B4953B /* Images.xcassets */; };
		ABE172351947884100B4953B /* My_CSPTests.m in Sources */ = {isa = PBXBuildFile; fileRef = ABE172341947884100B4953B /* My_CSPTests.m */; };
		ABE17241194788A000B4953B /* Listing.m in Sources */ = {isa = PBXBuildFile; fileRef = ABE17240194788A000B4953B /* Listing.m */; };
		ABE29C27199290A3004EEA50 /* PickerTableViewCell.m in Sources */ = {isa = PBXBuildFile; fileRef = ABE29C26199290A3004EEA50 /* PickerTableViewCell.m */; };
		ABE29C2A199290B3004EEA50 /* MonthSelectTableViewCell.m in Sources */ = {isa = PBXBuildFile; fileRef = ABE29C29199290B3004EEA50 /* MonthSelectTableViewCell.m */; };
		ABE8EE8419A6B76A00C963BE /* libc++.dylib in Frameworks */ = {isa = PBXBuildFile; fileRef = AB8F4BDD19A3F1870032E84F /* libc++.dylib */; };
		ABE8EE8619A6B7A300C963BE /* Crashlytics.framework in Frameworks */ = {isa = PBXBuildFile; fileRef = ABE8EE8519A6B7A300C963BE /* Crashlytics.framework */; };
		ABFBF336196B127700F5AEEC /* MainMenuTableViewCell.m in Sources */ = {isa = PBXBuildFile; fileRef = ABFBF335196B127700F5AEEC /* MainMenuTableViewCell.m */; };
		ABFE247F1981F5CC003D77D4 /* SelectorTableViewCell.m in Sources */ = {isa = PBXBuildFile; fileRef = ABFE247E1981F5CC003D77D4 /* SelectorTableViewCell.m */; };
/* End PBXBuildFile section */

/* Begin PBXContainerItemProxy section */
		ABE1722F1947884100B4953B /* PBXContainerItemProxy */ = {
			isa = PBXContainerItemProxy;
			containerPortal = ABE172101947884100B4953B /* Project object */;
			proxyType = 1;
			remoteGlobalIDString = ABE172171947884100B4953B;
			remoteInfo = "My CSP";
		};
/* End PBXContainerItemProxy section */

/* Begin PBXFileReference section */
		AB10FAEC1970345B00200D6B /* FilterSettingsTableViewController.h */ = {isa = PBXFileReference; fileEncoding = 4; lastKnownFileType = sourcecode.c.h; path = FilterSettingsTableViewController.h; sourceTree = "<group>"; };
		AB10FAED1970345B00200D6B /* FilterSettingsTableViewController.m */ = {isa = PBXFileReference; fileEncoding = 4; lastKnownFileType = sourcecode.c.objc; path = FilterSettingsTableViewController.m; sourceTree = "<group>"; };
		AB10FAEF19704EE400200D6B /* RentTableViewCell.h */ = {isa = PBXFileReference; fileEncoding = 4; lastKnownFileType = sourcecode.c.h; path = RentTableViewCell.h; sourceTree = "<group>"; };
		AB10FAF019704EE400200D6B /* RentTableViewCell.m */ = {isa = PBXFileReference; fileEncoding = 4; lastKnownFileType = sourcecode.c.objc; path = RentTableViewCell.m; sourceTree = "<group>"; };
		AB10FAF219704EED00200D6B /* ToggleTableViewCell.h */ = {isa = PBXFileReference; fileEncoding = 4; lastKnownFileType = sourcecode.c.h; path = ToggleTableViewCell.h; sourceTree = "<group>"; };
		AB10FAF319704EED00200D6B /* ToggleTableViewCell.m */ = {isa = PBXFileReference; fileEncoding = 4; lastKnownFileType = sourcecode.c.objc; path = ToggleTableViewCell.m; sourceTree = "<group>"; };
		AB129EA2196D83E80007249C /* ListingFilter.h */ = {isa = PBXFileReference; fileEncoding = 4; lastKnownFileType = sourcecode.c.h; path = ListingFilter.h; sourceTree = "<group>"; };
		AB129EA3196D83E80007249C /* ListingFilter.m */ = {isa = PBXFileReference; fileEncoding = 4; lastKnownFileType = sourcecode.c.objc; path = ListingFilter.m; sourceTree = "<group>"; };
		AB129EA5196D8E250007249C /* ListingDetailViewController.h */ = {isa = PBXFileReference; fileEncoding = 4; lastKnownFileType = sourcecode.c.h; path = ListingDetailViewController.h; sourceTree = "<group>"; };
		AB129EA6196D8E250007249C /* ListingDetailViewController.m */ = {isa = PBXFileReference; fileEncoding = 4; lastKnownFileType = sourcecode.c.objc; path = ListingDetailViewController.m; sourceTree = "<group>"; };
		AB3109DC198699ED00F10A95 /* en */ = {isa = PBXFileReference; lastKnownFileType = text.plist.strings; name = en; path = en.lproj/Main.strings; sourceTree = "<group>"; };
		AB329B4B19940E0A002567C1 /* MarqueeLabel.h */ = {isa = PBXFileReference; fileEncoding = 4; lastKnownFileType = sourcecode.c.h; path = MarqueeLabel.h; sourceTree = "<group>"; };
		AB329B4C19940E0A002567C1 /* MarqueeLabel.m */ = {isa = PBXFileReference; fileEncoding = 4; lastKnownFileType = sourcecode.c.objc; path = MarqueeLabel.m; sourceTree = "<group>"; };
		AB4174711975992A0086F1A6 /* SliderTableViewCell.h */ = {isa = PBXFileReference; fileEncoding = 4; lastKnownFileType = sourcecode.c.h; path = SliderTableViewCell.h; sourceTree = "<group>"; };
		AB4174721975992A0086F1A6 /* SliderTableViewCell.m */ = {isa = PBXFileReference; fileEncoding = 4; lastKnownFileType = sourcecode.c.objc; path = SliderTableViewCell.m; sourceTree = "<group>"; };
		AB44FA4619994380005BC223 /* WebViewController.h */ = {isa = PBXFileReference; fileEncoding = 4; lastKnownFileType = sourcecode.c.h; path = WebViewController.h; sourceTree = "<group>"; };
		AB44FA4719994380005BC223 /* WebViewController.m */ = {isa = PBXFileReference; fileEncoding = 4; lastKnownFileType = sourcecode.c.objc; path = WebViewController.m; sourceTree = "<group>"; };
		AB44FA491999449D005BC223 /* TenantInfoTableViewController.h */ = {isa = PBXFileReference; fileEncoding = 4; lastKnownFileType = sourcecode.c.h; path = TenantInfoTableViewController.h; sourceTree = "<group>"; };
		AB44FA4A1999449D005BC223 /* TenantInfoTableViewController.m */ = {isa = PBXFileReference; fileEncoding = 4; lastKnownFileType = sourcecode.c.objc; path = TenantInfoTableViewController.m; sourceTree = "<group>"; };
		AB44FA54199968E3005BC223 /* background.jpg */ = {isa = PBXFileReference; lastKnownFileType = image.jpeg; path = background.jpg; sourceTree = "<group>"; };
		AB44FA55199968E3005BC223 /* scrollA.jpg */ = {isa = PBXFileReference; lastKnownFileType = image.jpeg; path = scrollA.jpg; sourceTree = "<group>"; };
		AB44FA56199968E3005BC223 /* scrollB.jpg */ = {isa = PBXFileReference; lastKnownFileType = image.jpeg; path = scrollB.jpg; sourceTree = "<group>"; };
		AB44FA57199968E3005BC223 /* scrollC.jpg */ = {isa = PBXFileReference; lastKnownFileType = image.jpeg; path = scrollC.jpg; sourceTree = "<group>"; };
		AB44FA5C199A5412005BC223 /* RotatingPreviewController.h */ = {isa = PBXFileReference; fileEncoding = 4; lastKnownFileType = sourcecode.c.h; path = RotatingPreviewController.h; sourceTree = "<group>"; };
		AB44FA5D199A5412005BC223 /* RotatingPreviewController.m */ = {isa = PBXFileReference; fileEncoding = 4; lastKnownFileType = sourcecode.c.objc; path = RotatingPreviewController.m; sourceTree = "<group>"; };
		AB44FA5F199A8515005BC223 /* ListingPreview.h */ = {isa = PBXFileReference; fileEncoding = 4; lastKnownFileType = sourcecode.c.h; path = ListingPreview.h; sourceTree = "<group>"; };
		AB44FA60199A8515005BC223 /* ListingPreview.m */ = {isa = PBXFileReference; fileEncoding = 4; lastKnownFileType = sourcecode.c.objc; path = ListingPreview.m; sourceTree = "<group>"; };
		AB44FA64199A9649005BC223 /* defaultWide.png */ = {isa = PBXFileReference; lastKnownFileType = image.png; path = defaultWide.png; sourceTree = "<group>"; };
		AB44FA65199A9649005BC223 /* default.png */ = {isa = PBXFileReference; lastKnownFileType = image.png; path = default.png; sourceTree = "<group>"; };
		AB68B2C2198A6FE700CE549F /* PreferencesTableViewController.h */ = {isa = PBXFileReference; fileEncoding = 4; lastKnownFileType = sourcecode.c.h; path = PreferencesTableViewController.h; sourceTree = "<group>"; };
		AB68B2C3198A6FE700CE549F /* PreferencesTableViewController.m */ = {isa = PBXFileReference; fileEncoding = 4; lastKnownFileType = sourcecode.c.objc; path = PreferencesTableViewController.m; sourceTree = "<group>"; };
		AB68B2C5198A766100CE549F /* ButtonTableViewCell.h */ = {isa = PBXFileReference; fileEncoding = 4; lastKnownFileType = sourcecode.c.h; path = ButtonTableViewCell.h; sourceTree = "<group>"; };
		AB68B2C6198A766100CE549F /* ButtonTableViewCell.m */ = {isa = PBXFileReference; fileEncoding = 4; lastKnownFileType = sourcecode.c.objc; path = ButtonTableViewCell.m; sourceTree = "<group>"; };
		AB7B8BD0196C63FA00EFFA8A /* ListingTableViewCell.h */ = {isa = PBXFileReference; fileEncoding = 4; lastKnownFileType = sourcecode.c.h; path = ListingTableViewCell.h; sourceTree = "<group>"; };
		AB7B8BD1196C63FA00EFFA8A /* ListingTableViewCell.m */ = {isa = PBXFileReference; fileEncoding = 4; lastKnownFileType = sourcecode.c.objc; path = ListingTableViewCell.m; sourceTree = "<group>"; };
		AB7B8BD3196C778F00EFFA8A /* ListingPull.h */ = {isa = PBXFileReference; fileEncoding = 4; lastKnownFileType = sourcecode.c.h; path = ListingPull.h; sourceTree = "<group>"; };
		AB7B8BD4196C778F00EFFA8A /* ListingPull.m */ = {isa = PBXFileReference; fileEncoding = 4; lastKnownFileType = sourcecode.c.objc; path = ListingPull.m; sourceTree = "<group>"; };
		AB7B8BE0196C871000EFFA8A /* ListingTableNavigationController.h */ = {isa = PBXFileReference; fileEncoding = 4; lastKnownFileType = sourcecode.c.h; path = ListingTableNavigationController.h; sourceTree = "<group>"; };
		AB7B8BE1196C871000EFFA8A /* ListingTableNavigationController.m */ = {isa = PBXFileReference; fileEncoding = 4; lastKnownFileType = sourcecode.c.objc; path = ListingTableNavigationController.m; sourceTree = "<group>"; };
		AB7B8BE3196C87A400EFFA8A /* ListingTableViewController.h */ = {isa = PBXFileReference; fileEncoding = 4; lastKnownFileType = sourcecode.c.h; path = ListingTableViewController.h; sourceTree = "<group>"; };
		AB7B8BE4196C87A400EFFA8A /* ListingTableViewController.m */ = {isa = PBXFileReference; fileEncoding = 4; lastKnownFileType = sourcecode.c.objc; path = ListingTableViewController.m; sourceTree = "<group>"; };
		AB8F4BC119A396DE0032E84F /* PUSH.h */ = {isa = PBXFileReference; fileEncoding = 4; lastKnownFileType = sourcecode.c.h; path = PUSH.h; sourceTree = "<group>"; };
		AB8F4BC219A396DE0032E84F /* PUSHListener.h */ = {isa = PBXFileReference; fileEncoding = 4; lastKnownFileType = sourcecode.c.h; path = PUSHListener.h; sourceTree = "<group>"; };
		AB8F4BC319A396DE0032E84F /* PUSHListener.m */ = {isa = PBXFileReference; fileEncoding = 4; lastKnownFileType = sourcecode.c.objc; path = PUSHListener.m; sourceTree = "<group>"; };
		AB8F4BC419A396DE0032E84F /* RESTfulInterface.h */ = {isa = PBXFileReference; fileEncoding = 4; lastKnownFileType = sourcecode.c.h; path = RESTfulInterface.h; sourceTree = "<group>"; };
		AB8F4BC519A396DE0032E84F /* RESTfulInterface.m */ = {isa = PBXFileReference; fileEncoding = 4; lastKnownFileType = sourcecode.c.objc; path = RESTfulInterface.m; sourceTree = "<group>"; };
		AB8F4BCB19A3F02A0032E84F /* Instabug.bundle */ = {isa = PBXFileReference; lastKnownFileType = "wrapper.plug-in"; path = Instabug.bundle; sourceTree = "<group>"; };
		AB8F4BCC19A3F02A0032E84F /* Instabug.framework */ = {isa = PBXFileReference; lastKnownFileType = wrapper.framework; path = Instabug.framework; sourceTree = "<group>"; };
		AB8F4BCF19A3F1470032E84F /* CoreMotion.framework */ = {isa = PBXFileReference; lastKnownFileType = wrapper.framework; name = CoreMotion.framework; path = System/Library/Frameworks/CoreMotion.framework; sourceTree = SDKROOT; };
		AB8F4BD119A3F1500032E84F /* MobileCoreServices.framework */ = {isa = PBXFileReference; lastKnownFileType = wrapper.framework; name = MobileCoreServices.framework; path = System/Library/Frameworks/MobileCoreServices.framework; sourceTree = SDKROOT; };
		AB8F4BD319A3F1560032E84F /* CoreLocation.framework */ = {isa = PBXFileReference; lastKnownFileType = wrapper.framework; name = CoreLocation.framework; path = System/Library/Frameworks/CoreLocation.framework; sourceTree = SDKROOT; };
		AB8F4BD519A3F15E0032E84F /* AVFoundation.framework */ = {isa = PBXFileReference; lastKnownFileType = wrapper.framework; name = AVFoundation.framework; path = System/Library/Frameworks/AVFoundation.framework; sourceTree = SDKROOT; };
		AB8F4BD719A3F1640032E84F /* AudioToolbox.framework */ = {isa = PBXFileReference; lastKnownFileType = wrapper.framework; name = AudioToolbox.framework; path = System/Library/Frameworks/AudioToolbox.framework; sourceTree = SDKROOT; };
		AB8F4BD919A3F1780032E84F /* QuartzCore.framework */ = {isa = PBXFileReference; lastKnownFileType = wrapper.framework; name = QuartzCore.framework; path = System/Library/Frameworks/QuartzCore.framework; sourceTree = SDKROOT; };
		AB8F4BDB19A3F17F0032E84F /* SystemConfiguration.framework */ = {isa = PBXFileReference; lastKnownFileType = wrapper.framework; name = SystemConfiguration.framework; path = System/Library/Frameworks/SystemConfiguration.framework; sourceTree = SDKROOT; };
		AB8F4BDD19A3F1870032E84F /* libc++.dylib */ = {isa = PBXFileReference; lastKnownFileType = "compiled.mach-o.dylib"; name = "libc++.dylib"; path = "usr/lib/libc++.dylib"; sourceTree = SDKROOT; };
		AB8F4BDF19A3F1900032E84F /* MessageUI.framework */ = {isa = PBXFileReference; lastKnownFileType = wrapper.framework; name = MessageUI.framework; path = System/Library/Frameworks/MessageUI.framework; sourceTree = SDKROOT; };
		AB8F4BE119A3F1970032E84F /* OpenGLES.framework */ = {isa = PBXFileReference; lastKnownFileType = wrapper.framework; name = OpenGLES.framework; path = System/Library/Frameworks/OpenGLES.framework; sourceTree = SDKROOT; };
		AB8F4BE319A3F19D0032E84F /* GLKit.framework */ = {isa = PBXFileReference; lastKnownFileType = wrapper.framework; name = GLKit.framework; path = System/Library/Frameworks/GLKit.framework; sourceTree = SDKROOT; };
		AB8F4BE519A3F1A20032E84F /* UIKit.framework */ = {isa = PBXFileReference; lastKnownFileType = wrapper.framework; name = UIKit.framework; path = System/Library/Frameworks/UIKit.framework; sourceTree = SDKROOT; };
		AB8F4BE719A3F1A90032E84F /* CoreGraphics.framework */ = {isa = PBXFileReference; lastKnownFileType = wrapper.framework; name = CoreGraphics.framework; path = System/Library/Frameworks/CoreGraphics.framework; sourceTree = SDKROOT; };
		AB8F4BE919A3F1AF0032E84F /* CoreFoundation.framework */ = {isa = PBXFileReference; lastKnownFileType = wrapper.framework; name = CoreFoundation.framework; path = System/Library/Frameworks/CoreFoundation.framework; sourceTree = SDKROOT; };
		AB8F4BEB19A3F1B40032E84F /* Foundation.framework */ = {isa = PBXFileReference; lastKnownFileType = wrapper.framework; name = Foundation.framework; path = System/Library/Frameworks/Foundation.framework; sourceTree = SDKROOT; };
		AB8F4BEE19A3F5330032E84F /* CoreTelephony.framework */ = {isa = PBXFileReference; lastKnownFileType = wrapper.framework; name = CoreTelephony.framework; path = System/Library/Frameworks/CoreTelephony.framework; sourceTree = SDKROOT; };
		ABB6949E199FE884005385E6 /* Property.h */ = {isa = PBXFileReference; fileEncoding = 4; lastKnownFileType = sourcecode.c.h; path = Property.h; sourceTree = "<group>"; };
		ABB6949F199FE884005385E6 /* Property.m */ = {isa = PBXFileReference; fileEncoding = 4; lastKnownFileType = sourcecode.c.objc; path = Property.m; sourceTree = "<group>"; };
		ABDA7799197EEF9600CA0548 /* ListingFeatureCollectionViewCell.h */ = {isa = PBXFileReference; fileEncoding = 4; lastKnownFileType = sourcecode.c.h; path = ListingFeatureCollectionViewCell.h; sourceTree = "<group>"; };
		ABDA779A197EEF9600CA0548 /* ListingFeatureCollectionViewCell.m */ = {isa = PBXFileReference; fileEncoding = 4; lastKnownFileType = sourcecode.c.objc; path = ListingFeatureCollectionViewCell.m; sourceTree = "<group>"; };
		ABE172181947884100B4953B /* My CSP.app */ = {isa = PBXFileReference; explicitFileType = wrapper.application; includeInIndex = 0; path = "My CSP.app"; sourceTree = BUILT_PRODUCTS_DIR; };
		ABE1721C1947884100B4953B /* Info.plist */ = {isa = PBXFileReference; lastKnownFileType = text.plist.xml; path = Info.plist; sourceTree = "<group>"; };
		ABE1721D1947884100B4953B /* main.m */ = {isa = PBXFileReference; lastKnownFileType = sourcecode.c.objc; path = main.m; sourceTree = "<group>"; };
		ABE1721F1947884100B4953B /* AppDelegate.h */ = {isa = PBXFileReference; lastKnownFileType = sourcecode.c.h; path = AppDelegate.h; sourceTree = "<group>"; };
		ABE172201947884100B4953B /* AppDelegate.m */ = {isa = PBXFileReference; lastKnownFileType = sourcecode.c.objc; path = AppDelegate.m; sourceTree = "<group>"; };
		ABE172221947884100B4953B /* ViewController.h */ = {isa = PBXFileReference; lastKnownFileType = sourcecode.c.h; path = ViewController.h; sourceTree = "<group>"; };
		ABE172231947884100B4953B /* ViewController.m */ = {isa = PBXFileReference; lastKnownFileType = sourcecode.c.objc; path = ViewController.m; sourceTree = "<group>"; };
		ABE172261947884100B4953B /* Base */ = {isa = PBXFileReference; lastKnownFileType = file.storyboard; name = Base; path = Base.lproj/Main.storyboard; sourceTree = "<group>"; };
		ABE172281947884100B4953B /* Images.xcassets */ = {isa = PBXFileReference; lastKnownFileType = folder.assetcatalog; path = Images.xcassets; sourceTree = "<group>"; };
		ABE1722E1947884100B4953B /* My CSPTests.xctest */ = {isa = PBXFileReference; explicitFileType = wrapper.cfbundle; includeInIndex = 0; path = "My CSPTests.xctest"; sourceTree = BUILT_PRODUCTS_DIR; };
		ABE172331947884100B4953B /* Info.plist */ = {isa = PBXFileReference; lastKnownFileType = text.plist.xml; path = Info.plist; sourceTree = "<group>"; };
		ABE172341947884100B4953B /* My_CSPTests.m */ = {isa = PBXFileReference; lastKnownFileType = sourcecode.c.objc; path = My_CSPTests.m; sourceTree = "<group>"; };
		ABE1723F194788A000B4953B /* Listing.h */ = {isa = PBXFileReference; fileEncoding = 4; lastKnownFileType = sourcecode.c.h; path = Listing.h; sourceTree = "<group>"; };
		ABE17240194788A000B4953B /* Listing.m */ = {isa = PBXFileReference; fileEncoding = 4; lastKnownFileType = sourcecode.c.objc; path = Listing.m; sourceTree = "<group>"; };
		ABE29C25199290A3004EEA50 /* PickerTableViewCell.h */ = {isa = PBXFileReference; fileEncoding = 4; lastKnownFileType = sourcecode.c.h; path = PickerTableViewCell.h; sourceTree = "<group>"; };
		ABE29C26199290A3004EEA50 /* PickerTableViewCell.m */ = {isa = PBXFileReference; fileEncoding = 4; lastKnownFileType = sourcecode.c.objc; path = PickerTableViewCell.m; sourceTree = "<group>"; };
		ABE29C28199290B3004EEA50 /* MonthSelectTableViewCell.h */ = {isa = PBXFileReference; fileEncoding = 4; lastKnownFileType = sourcecode.c.h; path = MonthSelectTableViewCell.h; sourceTree = "<group>"; };
		ABE29C29199290B3004EEA50 /* MonthSelectTableViewCell.m */ = {isa = PBXFileReference; fileEncoding = 4; lastKnownFileType = sourcecode.c.objc; path = MonthSelectTableViewCell.m; sourceTree = "<group>"; };
		ABE8EE8519A6B7A300C963BE /* Crashlytics.framework */ = {isa = PBXFileReference; lastKnownFileType = wrapper.framework; path = Crashlytics.framework; sourceTree = "<group>"; };
		ABFBF334196B127700F5AEEC /* MainMenuTableViewCell.h */ = {isa = PBXFileReference; fileEncoding = 4; lastKnownFileType = sourcecode.c.h; path = MainMenuTableViewCell.h; sourceTree = "<group>"; };
		ABFBF335196B127700F5AEEC /* MainMenuTableViewCell.m */ = {isa = PBXFileReference; fileEncoding = 4; lastKnownFileType = sourcecode.c.objc; path = MainMenuTableViewCell.m; sourceTree = "<group>"; };
		ABFE247D1981F5CC003D77D4 /* SelectorTableViewCell.h */ = {isa = PBXFileReference; fileEncoding = 4; lastKnownFileType = sourcecode.c.h; path = SelectorTableViewCell.h; sourceTree = "<group>"; };
		ABFE247E1981F5CC003D77D4 /* SelectorTableViewCell.m */ = {isa = PBXFileReference; fileEncoding = 4; lastKnownFileType = sourcecode.c.objc; path = SelectorTableViewCell.m; sourceTree = "<group>"; };
/* End PBXFileReference section */

/* Begin PBXFrameworksBuildPhase section */
		ABE172151947884100B4953B /* Frameworks */ = {
			isa = PBXFrameworksBuildPhase;
			buildActionMask = 2147483647;
			files = (
				ABE8EE8419A6B76A00C963BE /* libc++.dylib in Frameworks */,
				AB8F4BEF19A3F5330032E84F /* CoreTelephony.framework in Frameworks */,
				AB8F4BEC19A3F1B40032E84F /* Foundation.framework in Frameworks */,
				AB8F4BEA19A3F1AF0032E84F /* CoreFoundation.framework in Frameworks */,
				AB8F4BE819A3F1A90032E84F /* CoreGraphics.framework in Frameworks */,
				AB8F4BE619A3F1A20032E84F /* UIKit.framework in Frameworks */,
				AB8F4BE419A3F19D0032E84F /* GLKit.framework in Frameworks */,
				AB8F4BE219A3F1970032E84F /* OpenGLES.framework in Frameworks */,
				AB8F4BE019A3F1900032E84F /* MessageUI.framework in Frameworks */,
				AB8F4BDC19A3F17F0032E84F /* SystemConfiguration.framework in Frameworks */,
				ABE8EE8619A6B7A300C963BE /* Crashlytics.framework in Frameworks */,
				AB8F4BDA19A3F1780032E84F /* QuartzCore.framework in Frameworks */,
				AB8F4BD819A3F1640032E84F /* AudioToolbox.framework in Frameworks */,
				AB8F4BD619A3F15E0032E84F /* AVFoundation.framework in Frameworks */,
				AB8F4BD419A3F1560032E84F /* CoreLocation.framework in Frameworks */,
				AB8F4BD219A3F1500032E84F /* MobileCoreServices.framework in Frameworks */,
				AB8F4BD019A3F1470032E84F /* CoreMotion.framework in Frameworks */,
				AB8F4BCE19A3F02A0032E84F /* Instabug.framework in Frameworks */,
			);
			runOnlyForDeploymentPostprocessing = 0;
		};
		ABE1722B1947884100B4953B /* Frameworks */ = {
			isa = PBXFrameworksBuildPhase;
			buildActionMask = 2147483647;
			files = (
			);
			runOnlyForDeploymentPostprocessing = 0;
		};
/* End PBXFrameworksBuildPhase section */

/* Begin PBXGroup section */
		AB44FA68199AA442005BC223 /* RestAPI */ = {
			isa = PBXGroup;
			children = (
				AB7B8BD3196C778F00EFFA8A /* ListingPull.h */,
				AB7B8BD4196C778F00EFFA8A /* ListingPull.m */,
				AB8F4BC119A396DE0032E84F /* PUSH.h */,
				AB8F4BC219A396DE0032E84F /* PUSHListener.h */,
				AB8F4BC319A396DE0032E84F /* PUSHListener.m */,
				AB8F4BC419A396DE0032E84F /* RESTfulInterface.h */,
				AB8F4BC519A396DE0032E84F /* RESTfulInterface.m */,
			);
			name = RestAPI;
			sourceTree = "<group>";
		};
		AB44FA69199AA45D005BC223 /* Images */ = {
			isa = PBXGroup;
			children = (
				ABE172281947884100B4953B /* Images.xcassets */,
				AB44FA54199968E3005BC223 /* background.jpg */,
				AB44FA55199968E3005BC223 /* scrollA.jpg */,
				AB44FA56199968E3005BC223 /* scrollB.jpg */,
				AB44FA57199968E3005BC223 /* scrollC.jpg */,
				AB44FA64199A9649005BC223 /* defaultWide.png */,
				AB44FA65199A9649005BC223 /* default.png */,
			);
			name = Images;
			sourceTree = "<group>";
		};
		AB44FA6A199AA472005BC223 /* Tenant Info */ = {
			isa = PBXGroup;
			children = (
				AB44FA491999449D005BC223 /* TenantInfoTableViewController.h */,
				AB44FA4A1999449D005BC223 /* TenantInfoTableViewController.m */,
				AB44FA4619994380005BC223 /* WebViewController.h */,
				AB44FA4719994380005BC223 /* WebViewController.m */,
			);
			name = "Tenant Info";
			sourceTree = "<group>";
		};
		AB44FA6B199AA4A6005BC223 /* View Controllers */ = {
			isa = PBXGroup;
			children = (
				AB8913F3199BB3E80057F9C9 /* Main Menu */,
				AB44FA6A199AA472005BC223 /* Tenant Info */,
				AB44FA6C199AA4D0005BC223 /* Searching */,
				AB44FA6D199AA4DE005BC223 /* User Preferences */,
				AB44FA6E199AA4EA005BC223 /* Listing Details */,
			);
			name = "View Controllers";
			sourceTree = "<group>";
		};
		AB44FA6C199AA4D0005BC223 /* Searching */ = {
			isa = PBXGroup;
			children = (
				AB7B8BE3196C87A400EFFA8A /* ListingTableViewController.h */,
				AB7B8BE4196C87A400EFFA8A /* ListingTableViewController.m */,
				AB10FAEC1970345B00200D6B /* FilterSettingsTableViewController.h */,
				AB10FAED1970345B00200D6B /* FilterSettingsTableViewController.m */,
			);
			name = Searching;
			sourceTree = "<group>";
		};
		AB44FA6D199AA4DE005BC223 /* User Preferences */ = {
			isa = PBXGroup;
			children = (
				AB68B2C2198A6FE700CE549F /* PreferencesTableViewController.h */,
				AB68B2C3198A6FE700CE549F /* PreferencesTableViewController.m */,
			);
			name = "User Preferences";
			sourceTree = "<group>";
		};
		AB44FA6E199AA4EA005BC223 /* Listing Details */ = {
			isa = PBXGroup;
			children = (
				AB129EA5196D8E250007249C /* ListingDetailViewController.h */,
				AB129EA6196D8E250007249C /* ListingDetailViewController.m */,
			);
			name = "Listing Details";
			sourceTree = "<group>";
		};
		AB44FA6F199AA50C005BC223 /* UI Elements */ = {
			isa = PBXGroup;
			children = (
				AB329B4B19940E0A002567C1 /* MarqueeLabel.h */,
				AB329B4C19940E0A002567C1 /* MarqueeLabel.m */,
				AB44FA72199AA561005BC223 /* Collection View Cells */,
				AB44FA70199AA530005BC223 /* Table View Cells */,
			);
			name = "UI Elements";
			sourceTree = "<group>";
		};
		AB44FA70199AA530005BC223 /* Table View Cells */ = {
			isa = PBXGroup;
			children = (
				AB44FA71199AA54A005BC223 /* Search Preferences */,
				AB44FA73199AA571005BC223 /* Listing Results */,
				AB44FA74199AA579005BC223 /* Main Menu */,
			);
			name = "Table View Cells";
			sourceTree = "<group>";
		};
		AB44FA71199AA54A005BC223 /* Search Preferences */ = {
			isa = PBXGroup;
			children = (
				AB68B2C5198A766100CE549F /* ButtonTableViewCell.h */,
				AB68B2C6198A766100CE549F /* ButtonTableViewCell.m */,
				ABFE247D1981F5CC003D77D4 /* SelectorTableViewCell.h */,
				ABFE247E1981F5CC003D77D4 /* SelectorTableViewCell.m */,
				AB10FAEF19704EE400200D6B /* RentTableViewCell.h */,
				AB10FAF019704EE400200D6B /* RentTableViewCell.m */,
				AB10FAF219704EED00200D6B /* ToggleTableViewCell.h */,
				AB10FAF319704EED00200D6B /* ToggleTableViewCell.m */,
				ABE29C28199290B3004EEA50 /* MonthSelectTableViewCell.h */,
				ABE29C29199290B3004EEA50 /* MonthSelectTableViewCell.m */,
				ABE29C25199290A3004EEA50 /* PickerTableViewCell.h */,
				ABE29C26199290A3004EEA50 /* PickerTableViewCell.m */,
				AB4174711975992A0086F1A6 /* SliderTableViewCell.h */,
				AB4174721975992A0086F1A6 /* SliderTableViewCell.m */,
			);
			name = "Search Preferences";
			sourceTree = "<group>";
		};
		AB44FA72199AA561005BC223 /* Collection View Cells */ = {
			isa = PBXGroup;
			children = (
				ABDA7799197EEF9600CA0548 /* ListingFeatureCollectionViewCell.h */,
				ABDA779A197EEF9600CA0548 /* ListingFeatureCollectionViewCell.m */,
			);
			name = "Collection View Cells";
			sourceTree = "<group>";
		};
		AB44FA73199AA571005BC223 /* Listing Results */ = {
			isa = PBXGroup;
			children = (
				AB7B8BD0196C63FA00EFFA8A /* ListingTableViewCell.h */,
				AB7B8BD1196C63FA00EFFA8A /* ListingTableViewCell.m */,
			);
			name = "Listing Results";
			sourceTree = "<group>";
		};
		AB44FA74199AA579005BC223 /* Main Menu */ = {
			isa = PBXGroup;
			children = (
				ABFBF334196B127700F5AEEC /* MainMenuTableViewCell.h */,
				ABFBF335196B127700F5AEEC /* MainMenuTableViewCell.m */,
			);
			name = "Main Menu";
			sourceTree = "<group>";
		};
		AB44FA75199AA580005BC223 /* Navigation Controllers */ = {
			isa = PBXGroup;
			children = (
				AB44FA5C199A5412005BC223 /* RotatingPreviewController.h */,
				AB44FA5D199A5412005BC223 /* RotatingPreviewController.m */,
				AB7B8BE0196C871000EFFA8A /* ListingTableNavigationController.h */,
				AB7B8BE1196C871000EFFA8A /* ListingTableNavigationController.m */,
			);
			name = "Navigation Controllers";
			sourceTree = "<group>";
		};
		AB44FA76199AA5BD005BC223 /* Storyboards */ = {
			isa = PBXGroup;
			children = (
				ABE172251947884100B4953B /* Main.storyboard */,
			);
			name = Storyboards;
			sourceTree = "<group>";
		};
		AB8913F3199BB3E80057F9C9 /* Main Menu */ = {
			isa = PBXGroup;
			children = (
				ABE172221947884100B4953B /* ViewController.h */,
				ABE172231947884100B4953B /* ViewController.m */,
			);
			name = "Main Menu";
			sourceTree = "<group>";
		};
		AB8F4BED19A3F2100032E84F /* Frameworks */ = {
			isa = PBXGroup;
			children = (
				ABE8EE8519A6B7A300C963BE /* Crashlytics.framework */,
				AB8F4BEE19A3F5330032E84F /* CoreTelephony.framework */,
				AB8F4BEB19A3F1B40032E84F /* Foundation.framework */,
				AB8F4BE919A3F1AF0032E84F /* CoreFoundation.framework */,
				AB8F4BE719A3F1A90032E84F /* CoreGraphics.framework */,
				AB8F4BE519A3F1A20032E84F /* UIKit.framework */,
				AB8F4BE319A3F19D0032E84F /* GLKit.framework */,
				AB8F4BE119A3F1970032E84F /* OpenGLES.framework */,
				AB8F4BDF19A3F1900032E84F /* MessageUI.framework */,
				AB8F4BDD19A3F1870032E84F /* libc++.dylib */,
				AB8F4BDB19A3F17F0032E84F /* SystemConfiguration.framework */,
				AB8F4BD919A3F1780032E84F /* QuartzCore.framework */,
				AB8F4BD719A3F1640032E84F /* AudioToolbox.framework */,
				AB8F4BD519A3F15E0032E84F /* AVFoundation.framework */,
				AB8F4BD319A3F1560032E84F /* CoreLocation.framework */,
				AB8F4BD119A3F1500032E84F /* MobileCoreServices.framework */,
				AB8F4BCF19A3F1470032E84F /* CoreMotion.framework */,
				AB8F4BCB19A3F02A0032E84F /* Instabug.bundle */,
				AB8F4BCC19A3F02A0032E84F /* Instabug.framework */,
			);
			name = Frameworks;
			sourceTree = "<group>";
		};
		ABE1720F1947884100B4953B = {
			isa = PBXGroup;
			children = (
				AB8F4BED19A3F2100032E84F /* Frameworks */,
				ABE1721A1947884100B4953B /* My CSP */,
				ABE172311947884100B4953B /* My CSPTests */,
				ABE172191947884100B4953B /* Products */,
			);
			sourceTree = "<group>";
		};
		ABE172191947884100B4953B /* Products */ = {
			isa = PBXGroup;
			children = (
				ABE172181947884100B4953B /* My CSP.app */,
				ABE1722E1947884100B4953B /* My CSPTests.xctest */,
			);
			name = Products;
			sourceTree = "<group>";
		};
		ABE1721A1947884100B4953B /* My CSP */ = {
			isa = PBXGroup;
			children = (
				ABE1724719478A2400B4953B /* AppDelegate */,
				AB44FA68199AA442005BC223 /* RestAPI */,
				ABE17242194788AC00B4953B /* Data */,
				ABE1723E1947886D00B4953B /* Interface */,
				ABE1721B1947884100B4953B /* Supporting Files */,
			);
			path = "My CSP";
			sourceTree = "<group>";
		};
		ABE1721B1947884100B4953B /* Supporting Files */ = {
			isa = PBXGroup;
			children = (
				ABE1721C1947884100B4953B /* Info.plist */,
				ABE1721D1947884100B4953B /* main.m */,
			);
			name = "Supporting Files";
			sourceTree = "<group>";
		};
		ABE172311947884100B4953B /* My CSPTests */ = {
			isa = PBXGroup;
			children = (
				ABE172341947884100B4953B /* My_CSPTests.m */,
				ABE172321947884100B4953B /* Supporting Files */,
			);
			path = "My CSPTests";
			sourceTree = "<group>";
		};
		ABE172321947884100B4953B /* Supporting Files */ = {
			isa = PBXGroup;
			children = (
				ABE172331947884100B4953B /* Info.plist */,
			);
			name = "Supporting Files";
			sourceTree = "<group>";
		};
		ABE1723E1947886D00B4953B /* Interface */ = {
			isa = PBXGroup;
			children = (
				AB44FA69199AA45D005BC223 /* Images */,
				AB44FA76199AA5BD005BC223 /* Storyboards */,
				AB44FA6B199AA4A6005BC223 /* View Controllers */,
				AB44FA75199AA580005BC223 /* Navigation Controllers */,
				AB44FA6F199AA50C005BC223 /* UI Elements */,
			);
			name = Interface;
			sourceTree = "<group>";
		};
		ABE17242194788AC00B4953B /* Data */ = {
			isa = PBXGroup;
			children = (
				ABE1723F194788A000B4953B /* Listing.h */,
				ABE17240194788A000B4953B /* Listing.m */,
				ABB6949E199FE884005385E6 /* Property.h */,
				ABB6949F199FE884005385E6 /* Property.m */,
				AB44FA5F199A8515005BC223 /* ListingPreview.h */,
				AB44FA60199A8515005BC223 /* ListingPreview.m */,
				AB129EA2196D83E80007249C /* ListingFilter.h */,
				AB129EA3196D83E80007249C /* ListingFilter.m */,
			);
			name = Data;
			sourceTree = "<group>";
		};
		ABE1724719478A2400B4953B /* AppDelegate */ = {
			isa = PBXGroup;
			children = (
				ABE1721F1947884100B4953B /* AppDelegate.h */,
				ABE172201947884100B4953B /* AppDelegate.m */,
			);
			name = AppDelegate;
			sourceTree = "<group>";
		};
/* End PBXGroup section */

/* Begin PBXNativeTarget section */
		ABE172171947884100B4953B /* My CSP */ = {
			isa = PBXNativeTarget;
			buildConfigurationList = ABE172381947884100B4953B /* Build configuration list for PBXNativeTarget "My CSP" */;
			buildPhases = (
				ABE172141947884100B4953B /* Sources */,
				ABE172151947884100B4953B /* Frameworks */,
				ABE172161947884100B4953B /* Resources */,
				ABBAE2FB19A6AF9A00B5E250 /* ShellScript */,
			);
			buildRules = (
			);
			dependencies = (
			);
			name = "My CSP";
			productName = "My CSP";
			productReference = ABE172181947884100B4953B /* My CSP.app */;
			productType = "com.apple.product-type.application";
		};
		ABE1722D1947884100B4953B /* My CSPTests */ = {
			isa = PBXNativeTarget;
			buildConfigurationList = ABE1723B1947884100B4953B /* Build configuration list for PBXNativeTarget "My CSPTests" */;
			buildPhases = (
				ABE1722A1947884100B4953B /* Sources */,
				ABE1722B1947884100B4953B /* Frameworks */,
				ABE1722C1947884100B4953B /* Resources */,
			);
			buildRules = (
			);
			dependencies = (
				ABE172301947884100B4953B /* PBXTargetDependency */,
			);
			name = "My CSPTests";
			productName = "My CSPTests";
			productReference = ABE1722E1947884100B4953B /* My CSPTests.xctest */;
			productType = "com.apple.product-type.bundle.unit-test";
		};
/* End PBXNativeTarget section */

/* Begin PBXProject section */
		ABE172101947884100B4953B /* Project object */ = {
			isa = PBXProject;
			attributes = {
				LastUpgradeCheck = 0600;
				ORGANIZATIONNAME = "Calvin Chestnut";
				TargetAttributes = {
					ABE172171947884100B4953B = {
						CreatedOnToolsVersion = 6.0;
						DevelopmentTeam = VDWJ8UMBJ6;
						SystemCapabilities = {
							com.apple.BackgroundModes = {
								enabled = 0;
							};
							com.apple.HomeKit = {
								enabled = 0;
							};
							com.apple.Maps.iOS = {
								enabled = 0;
							};
							com.apple.iOS = {
								enabled = 1;
							};
						};
					};
					ABE1722D1947884100B4953B = {
						CreatedOnToolsVersion = 6.0;
						TestTargetID = ABE172171947884100B4953B;
					};
				};
			};
			buildConfigurationList = ABE172131947884100B4953B /* Build configuration list for PBXProject "My CSP" */;
			compatibilityVersion = "Xcode 3.2";
			developmentRegion = English;
			hasScannedForEncodings = 0;
			knownRegions = (
				en,
				Base,
			);
			mainGroup = ABE1720F1947884100B4953B;
			productRefGroup = ABE172191947884100B4953B /* Products */;
			projectDirPath = "";
			projectRoot = "";
			targets = (
				ABE172171947884100B4953B /* My CSP */,
				ABE1722D1947884100B4953B /* My CSPTests */,
			);
		};
/* End PBXProject section */

/* Begin PBXResourcesBuildPhase section */
		ABE172161947884100B4953B /* Resources */ = {
			isa = PBXResourcesBuildPhase;
			buildActionMask = 2147483647;
			files = (
				AB44FA66199A9649005BC223 /* defaultWide.png in Resources */,
				AB44FA59199968E3005BC223 /* scrollA.jpg in Resources */,
				AB44FA58199968E3005BC223 /* background.jpg in Resources */,
				ABE172291947884100B4953B /* Images.xcassets in Resources */,
				AB44FA5B199968E3005BC223 /* scrollC.jpg in Resources */,
				AB44FA5A199968E3005BC223 /* scrollB.jpg in Resources */,
				AB3109DA1986998700F10A95 /* Main.storyboard in Resources */,
				AB44FA67199A9649005BC223 /* default.png in Resources */,
				AB8F4BCD19A3F02A0032E84F /* Instabug.bundle in Resources */,
			);
			runOnlyForDeploymentPostprocessing = 0;
		};
		ABE1722C1947884100B4953B /* Resources */ = {
			isa = PBXResourcesBuildPhase;
			buildActionMask = 2147483647;
			files = (
			);
			runOnlyForDeploymentPostprocessing = 0;
		};
/* End PBXResourcesBuildPhase section */

/* Begin PBXShellScriptBuildPhase section */
		ABBAE2FB19A6AF9A00B5E250 /* ShellScript */ = {
			isa = PBXShellScriptBuildPhase;
			buildActionMask = 2147483647;
			files = (
			);
			inputPaths = (
			);
			outputPaths = (
			);
			runOnlyForDeploymentPostprocessing = 0;
			shellPath = /bin/sh;
			shellScript = "./Crashlytics.framework/run 6e63974ab6878886d46e46575c43005ded0cfa08 f6ab159dc485d68d8e3ab7929d50ea2fa90052c3518ce0f98874b30bfe22a3e8";
		};
/* End PBXShellScriptBuildPhase section */

/* Begin PBXSourcesBuildPhase section */
		ABE172141947884100B4953B /* Sources */ = {
			isa = PBXSourcesBuildPhase;
			buildActionMask = 2147483647;
			files = (
				AB329B4D19940E0A002567C1 /* MarqueeLabel.m in Sources */,
				AB8F4BC719A396DE0032E84F /* RESTfulInterface.m in Sources */,
				AB7B8BD5196C778F00EFFA8A /* ListingPull.m in Sources */,
				AB129EA7196D8E250007249C /* ListingDetailViewController.m in Sources */,
				ABDA779B197EEF9600CA0548 /* ListingFeatureCollectionViewCell.m in Sources */,
				AB7B8BD2196C63FA00EFFA8A /* ListingTableViewCell.m in Sources */,
				ABE172241947884100B4953B /* ViewController.m in Sources */,
				ABE29C27199290A3004EEA50 /* PickerTableViewCell.m in Sources */,
				AB10FAEE1970345B00200D6B /* FilterSettingsTableViewController.m in Sources */,
				ABFBF336196B127700F5AEEC /* MainMenuTableViewCell.m in Sources */,
				ABE172211947884100B4953B /* AppDelegate.m in Sources */,
				ABB694A0199FE884005385E6 /* Property.m in Sources */,
				AB44FA61199A8515005BC223 /* ListingPreview.m in Sources */,
				AB10FAF119704EE400200D6B /* RentTableViewCell.m in Sources */,
				ABFE247F1981F5CC003D77D4 /* SelectorTableViewCell.m in Sources */,
				ABE17241194788A000B4953B /* Listing.m in Sources */,
				ABE1721E1947884100B4953B /* main.m in Sources */,
				AB68B2C4198A6FE700CE549F /* PreferencesTableViewController.m in Sources */,
				AB44FA5E199A5412005BC223 /* RotatingPreviewController.m in Sources */,
				AB7B8BE5196C87A400EFFA8A /* ListingTableViewController.m in Sources */,
				ABE29C2A199290B3004EEA50 /* MonthSelectTableViewCell.m in Sources */,
				AB7B8BE2196C871000EFFA8A /* ListingTableNavigationController.m in Sources */,
				AB44FA4819994380005BC223 /* WebViewController.m in Sources */,
				AB129EA4196D83E80007249C /* ListingFilter.m in Sources */,
				AB8F4BC619A396DE0032E84F /* PUSHListener.m in Sources */,
				AB44FA4B1999449D005BC223 /* TenantInfoTableViewController.m in Sources */,
				AB10FAF419704EED00200D6B /* ToggleTableViewCell.m in Sources */,
				AB4174731975992A0086F1A6 /* SliderTableViewCell.m in Sources */,
				AB68B2C7198A766100CE549F /* ButtonTableViewCell.m in Sources */,
			);
			runOnlyForDeploymentPostprocessing = 0;
		};
		ABE1722A1947884100B4953B /* Sources */ = {
			isa = PBXSourcesBuildPhase;
			buildActionMask = 2147483647;
			files = (
				ABE172351947884100B4953B /* My_CSPTests.m in Sources */,
			);
			runOnlyForDeploymentPostprocessing = 0;
		};
/* End PBXSourcesBuildPhase section */

/* Begin PBXTargetDependency section */
		ABE172301947884100B4953B /* PBXTargetDependency */ = {
			isa = PBXTargetDependency;
			target = ABE172171947884100B4953B /* My CSP */;
			targetProxy = ABE1722F1947884100B4953B /* PBXContainerItemProxy */;
		};
/* End PBXTargetDependency section */

/* Begin PBXVariantGroup section */
		ABE172251947884100B4953B /* Main.storyboard */ = {
			isa = PBXVariantGroup;
			children = (
				ABE172261947884100B4953B /* Base */,
				AB3109DC198699ED00F10A95 /* en */,
			);
			name = Main.storyboard;
			sourceTree = "<group>";
		};
/* End PBXVariantGroup section */

/* Begin XCBuildConfiguration section */
		ABE172361947884100B4953B /* Debug */ = {
			isa = XCBuildConfiguration;
			buildSettings = {
				ALWAYS_SEARCH_USER_PATHS = NO;
				CLANG_CXX_LANGUAGE_STANDARD = "gnu++0x";
				CLANG_CXX_LIBRARY = "libc++";
				CLANG_ENABLE_MODULES = YES;
				CLANG_ENABLE_OBJC_ARC = YES;
				CLANG_WARN_BOOL_CONVERSION = YES;
				CLANG_WARN_CONSTANT_CONVERSION = YES;
				CLANG_WARN_DIRECT_OBJC_ISA_USAGE = YES_ERROR;
				CLANG_WARN_EMPTY_BODY = YES;
				CLANG_WARN_ENUM_CONVERSION = YES;
				CLANG_WARN_INT_CONVERSION = YES;
				CLANG_WARN_OBJC_ROOT_CLASS = YES_ERROR;
				CLANG_WARN_UNREACHABLE_CODE = YES;
				CLANG_WARN__DUPLICATE_METHOD_MATCH = YES;
				"CODE_SIGN_IDENTITY[sdk=iphoneos*]" = "iPhone Developer";
				COPY_PHASE_STRIP = NO;
				ENABLE_STRICT_OBJC_MSGSEND = YES;
				GCC_C_LANGUAGE_STANDARD = gnu99;
				GCC_DYNAMIC_NO_PIC = NO;
				GCC_OPTIMIZATION_LEVEL = 0;
				GCC_PREPROCESSOR_DEFINITIONS = (
					"DEBUG=1",
					"$(inherited)",
				);
				GCC_SYMBOLS_PRIVATE_EXTERN = NO;
				GCC_WARN_64_TO_32_BIT_CONVERSION = YES;
				GCC_WARN_ABOUT_RETURN_TYPE = YES_ERROR;
				GCC_WARN_UNDECLARED_SELECTOR = YES;
				GCC_WARN_UNINITIALIZED_AUTOS = YES_AGGRESSIVE;
				GCC_WARN_UNUSED_FUNCTION = YES;
				GCC_WARN_UNUSED_VARIABLE = YES;
				IPHONEOS_DEPLOYMENT_TARGET = 8.0;
				METAL_ENABLE_DEBUG_INFO = YES;
				ONLY_ACTIVE_ARCH = YES;
				SDKROOT = iphoneos;
			};
			name = Debug;
		};
		ABE172371947884100B4953B /* Release */ = {
			isa = XCBuildConfiguration;
			buildSettings = {
				ALWAYS_SEARCH_USER_PATHS = NO;
				CLANG_CXX_LANGUAGE_STANDARD = "gnu++0x";
				CLANG_CXX_LIBRARY = "libc++";
				CLANG_ENABLE_MODULES = YES;
				CLANG_ENABLE_OBJC_ARC = YES;
				CLANG_WARN_BOOL_CONVERSION = YES;
				CLANG_WARN_CONSTANT_CONVERSION = YES;
				CLANG_WARN_DIRECT_OBJC_ISA_USAGE = YES_ERROR;
				CLANG_WARN_EMPTY_BODY = YES;
				CLANG_WARN_ENUM_CONVERSION = YES;
				CLANG_WARN_INT_CONVERSION = YES;
				CLANG_WARN_OBJC_ROOT_CLASS = YES_ERROR;
				CLANG_WARN_UNREACHABLE_CODE = YES;
				CLANG_WARN__DUPLICATE_METHOD_MATCH = YES;
				"CODE_SIGN_IDENTITY[sdk=iphoneos*]" = "iPhone Developer";
				COPY_PHASE_STRIP = YES;
				ENABLE_NS_ASSERTIONS = NO;
				ENABLE_STRICT_OBJC_MSGSEND = YES;
				GCC_C_LANGUAGE_STANDARD = gnu99;
				GCC_WARN_64_TO_32_BIT_CONVERSION = YES;
				GCC_WARN_ABOUT_RETURN_TYPE = YES_ERROR;
				GCC_WARN_UNDECLARED_SELECTOR = YES;
				GCC_WARN_UNINITIALIZED_AUTOS = YES_AGGRESSIVE;
				GCC_WARN_UNUSED_FUNCTION = YES;
				GCC_WARN_UNUSED_VARIABLE = YES;
				IPHONEOS_DEPLOYMENT_TARGET = 8.0;
				METAL_ENABLE_DEBUG_INFO = NO;
				SDKROOT = iphoneos;
				VALIDATE_PRODUCT = YES;
			};
			name = Release;
		};
		ABE172391947884100B4953B /* Debug */ = {
			isa = XCBuildConfiguration;
			buildSettings = {
				ASSETCATALOG_COMPILER_APPICON_NAME = AppIcon;
				ASSETCATALOG_COMPILER_LAUNCHIMAGE_NAME = LaunchImage;
				CODE_SIGN_IDENTITY = "iPhone Developer";
				"CODE_SIGN_IDENTITY[sdk=iphoneos*]" = "iPhone Developer";
				FRAMEWORK_SEARCH_PATHS = (
					"$(inherited)",
					"$(PROJECT_DIR)",
				);
				INFOPLIST_FILE = "My CSP/Info.plist";
				IPHONEOS_DEPLOYMENT_TARGET = 7.0;
				LD_RUNPATH_SEARCH_PATHS = "$(inherited) @executable_path/Frameworks";
				PRODUCT_NAME = "$(TARGET_NAME)";
				PROVISIONING_PROFILE = "";
				TARGETED_DEVICE_FAMILY = 1;
			};
			name = Debug;
		};
		ABE1723A1947884100B4953B /* Release */ = {
			isa = XCBuildConfiguration;
			buildSettings = {
				ASSETCATALOG_COMPILER_APPICON_NAME = AppIcon;
				ASSETCATALOG_COMPILER_LAUNCHIMAGE_NAME = LaunchImage;
				CODE_SIGN_IDENTITY = "iPhone Developer";
				"CODE_SIGN_IDENTITY[sdk=iphoneos*]" = "iPhone Developer";
				FRAMEWORK_SEARCH_PATHS = (
					"$(inherited)",
					"$(PROJECT_DIR)",
				);
				INFOPLIST_FILE = "My CSP/Info.plist";
				IPHONEOS_DEPLOYMENT_TARGET = 7.0;
				LD_RUNPATH_SEARCH_PATHS = "$(inherited) @executable_path/Frameworks";
				PRODUCT_NAME = "$(TARGET_NAME)";
				PROVISIONING_PROFILE = "";
				TARGETED_DEVICE_FAMILY = 1;
			};
			name = Release;
		};
		ABE1723C1947884100B4953B /* Debug */ = {
			isa = XCBuildConfiguration;
			buildSettings = {
				BUNDLE_LOADER = "$(BUILT_PRODUCTS_DIR)/My CSP.app/My CSP";
				FRAMEWORK_SEARCH_PATHS = (
					"$(SDKROOT)/Developer/Library/Frameworks",
					"$(inherited)",
				);
				GCC_PREPROCESSOR_DEFINITIONS = (
					"DEBUG=1",
					"$(inherited)",
				);
				INFOPLIST_FILE = "My CSPTests/Info.plist";
				IPHONEOS_DEPLOYMENT_TARGET = 7.0;
				LD_RUNPATH_SEARCH_PATHS = "$(inherited) @executable_path/Frameworks @loader_path/Frameworks";
				METAL_ENABLE_DEBUG_INFO = YES;
				PRODUCT_NAME = "$(TARGET_NAME)";
				TEST_HOST = "$(BUNDLE_LOADER)";
			};
			name = Debug;
		};
		ABE1723D1947884100B4953B /* Release */ = {
			isa = XCBuildConfiguration;
			buildSettings = {
				BUNDLE_LOADER = "$(BUILT_PRODUCTS_DIR)/My CSP.app/My CSP";
				FRAMEWORK_SEARCH_PATHS = (
					"$(SDKROOT)/Developer/Library/Frameworks",
					"$(inherited)",
				);
				INFOPLIST_FILE = "My CSPTests/Info.plist";
				IPHONEOS_DEPLOYMENT_TARGET = 7.0;
				LD_RUNPATH_SEARCH_PATHS = "$(inherited) @executable_path/Frameworks @loader_path/Frameworks";
				METAL_ENABLE_DEBUG_INFO = NO;
				PRODUCT_NAME = "$(TARGET_NAME)";
				TEST_HOST = "$(BUNDLE_LOADER)";
			};
			name = Release;
		};
/* End XCBuildConfiguration section */

/* Begin XCConfigurationList section */
		ABE172131947884100B4953B /* Build configuration list for PBXProject "My CSP" */ = {
			isa = XCConfigurationList;
			buildConfigurations = (
				ABE172361947884100B4953B /* Debug */,
				ABE172371947884100B4953B /* Release */,
			);
			defaultConfigurationIsVisible = 0;
			defaultConfigurationName = Release;
		};
		ABE172381947884100B4953B /* Build configuration list for PBXNativeTarget "My CSP" */ = {
			isa = XCConfigurationList;
			buildConfigurations = (
				ABE172391947884100B4953B /* Debug */,
				ABE1723A1947884100B4953B /* Release */,
			);
			defaultConfigurationIsVisible = 0;
			defaultConfigurationName = Release;
		};
		ABE1723B1947884100B4953B /* Build configuration list for PBXNativeTarget "My CSPTests" */ = {
			isa = XCConfigurationList;
			buildConfigurations = (
				ABE1723C1947884100B4953B /* Debug */,
				ABE1723D1947884100B4953B /* Release */,
			);
			defaultConfigurationIsVisible = 0;
			defaultConfigurationName = Release;
		};
/* End XCConfigurationList section */
	};
	rootObject = ABE172101947884100B4953B /* Project object */;
}
